
Microsoft Visual Studio Solution File, Format Version 12.00
# Visual Studio Version 16
VisualStudioVersion = 16.0.29911.84
MinimumVisualStudioVersion = 10.0.40219.1
Project("{FAE04EC0-301F-11D3-BF4B-00C04F79EFBC}") = "Devex_Grid", "Devex_Grid\Devex_Grid.csproj", "{D82015BA-075F-4D29-9F00-4BDC71B2E21A}"
EndProject
Global
	GlobalSection(SolutionConfigurationPlatforms) = preSolution
		Debug|Any CPU = Debug|Any CPU
		Release|Any CPU = Release|Any CPU
	EndGlobalSection
	GlobalSection(ProjectConfigurationPlatforms) = postSolution
		{D82015BA-075F-4D29-9F00-4BDC71B2E21A}.Debug|Any CPU.ActiveCfg = Debug|Any CPU
		{D82015BA-075F-4D29-9F00-4BDC71B2E21A}.Debug|Any CPU.Build.0 = Debug|Any CPU
		{D82015BA-075F-4D29-9F00-4BDC71B2E21A}.Release|Any CPU.ActiveCfg = Release|Any CPU
		{D82015BA-075F-4D29-9F00-4BDC71B2E21A}.Release|Any CPU.Build.0 = Release|Any CPU
	EndGlobalSection
	GlobalSection(SolutionProperties) = preSolution
		HideSolutionNode = FALSE
	EndGlobalSection
	GlobalSection(ExtensibilityGlobals) = postSolution
		SolutionGuid = {17F1A54E-9665-422C-8E67-D39FD2979101}
	EndGlobalSection
EndGlobal
